
Microsoft Visual Studio Solution File, Format Version 12.00
# Visual Studio Version 16
VisualStudioVersion = 16.0.28922.388
MinimumVisualStudioVersion = 10.0.40219.1
Project("{00D1A9C2-B5F0-4AF3-8072-F6C62B433612}") = "R8It", "R8It\R8It.sqlproj", "{04892F1B-8288-4AC0-81B4-EC27EBDEB9BF}"
EndProject
Project("{2150E333-8FDC-42A3-9474-1A3956D46DE8}") = "Persistence", "Persistence", "{66E4A4C2-734F-4E1E-AEAF-1271278A291F}"
EndProject
Project("{2150E333-8FDC-42A3-9474-1A3956D46DE8}") = "Data", "Data", "{7DB532D7-724F-45F5-82B0-2CB5293425E0}"
EndProject
Project("{2150E333-8FDC-42A3-9474-1A3956D46DE8}") = "Domain", "Domain", "{3B824665-08D1-42AB-992D-9A09B7CFC9BA}"
EndProject
Project("{2150E333-8FDC-42A3-9474-1A3956D46DE8}") = "Application", "Application", "{FD10B9F6-B308-4EE7-BB07-6352B12062EC}"
EndProject
Project("{FAE04EC0-301F-11D3-BF4B-00C04F79EFBC}") = "DB", "DB\DB.csproj", "{A57BBC2C-B2F4-4C15-8D11-41E2E9BB96C9}"
EndProject
Project("{9A19103F-16F7-4668-BE54-9A1E7A4F7556}") = "DbEntities", "DbEntities\DbEntities.csproj", "{9649AA0A-E8A0-4B9B-9980-E8F961CB7199}"
EndProject
Project("{9A19103F-16F7-4668-BE54-9A1E7A4F7556}") = "Tools", "Tools\Tools.csproj", "{FDC3C39A-271D-4DE0-B400-9EFD94B1B644}"
EndProject
Project("{9A19103F-16F7-4668-BE54-9A1E7A4F7556}") = "R8It_Domain", "DomainEntities\R8It_Domain.csproj", "{C55D3786-B34E-4425-A456-AA1B77C123F9}"
EndProject
Project("{2150E333-8FDC-42A3-9474-1A3956D46DE8}") = "Test", "Test", "{5EC94466-0E75-4A5B-A178-6712F8303217}"
EndProject
Project("{9A19103F-16F7-4668-BE54-9A1E7A4F7556}") = "TestAdo", "TestAdo\TestAdo.csproj", "{B242F5A0-B93A-42FC-B26D-0D7FACBCF3B1}"
EndProject
Project("{9A19103F-16F7-4668-BE54-9A1E7A4F7556}") = "DAL", "DAL\DAL.csproj", "{56BE7BB1-C412-4320-B703-8FAFF9A2CB5E}"
EndProject
Project("{9A19103F-16F7-4668-BE54-9A1E7A4F7556}") = "TestBusiness", "TestBusiness\TestBusiness.csproj", "{A8639B47-2926-4078-A305-482D04DBBCB4}"
EndProject
Project("{FAE04EC0-301F-11D3-BF4B-00C04F79EFBC}") = "R8It_Api", "R8It_Api\R8It_Api.csproj", "{DA73ED25-3F68-4868-A55B-8401C9F9C001}"
EndProject
Project("{2150E333-8FDC-42A3-9474-1A3956D46DE8}") = "Solution Items", "Solution Items", "{9C701E2A-ACBD-4007-9F16-2A64339F412F}"
	ProjectSection(SolutionItems) = preProject
		fichierDB.mdf = fichierDB.mdf
		test.mdf = test.mdf
	EndProjectSection
EndProject
Global
	GlobalSection(SolutionConfigurationPlatforms) = preSolution
		Debug|Any CPU = Debug|Any CPU
		Release|Any CPU = Release|Any CPU
	EndGlobalSection
	GlobalSection(ProjectConfigurationPlatforms) = postSolution
		{04892F1B-8288-4AC0-81B4-EC27EBDEB9BF}.Debug|Any CPU.ActiveCfg = Debug|Any CPU
		{04892F1B-8288-4AC0-81B4-EC27EBDEB9BF}.Debug|Any CPU.Build.0 = Debug|Any CPU
		{04892F1B-8288-4AC0-81B4-EC27EBDEB9BF}.Debug|Any CPU.Deploy.0 = Debug|Any CPU
		{04892F1B-8288-4AC0-81B4-EC27EBDEB9BF}.Release|Any CPU.ActiveCfg = Release|Any CPU
		{04892F1B-8288-4AC0-81B4-EC27EBDEB9BF}.Release|Any CPU.Build.0 = Release|Any CPU
		{04892F1B-8288-4AC0-81B4-EC27EBDEB9BF}.Release|Any CPU.Deploy.0 = Release|Any CPU
		{A57BBC2C-B2F4-4C15-8D11-41E2E9BB96C9}.Debug|Any CPU.ActiveCfg = Debug|Any CPU
		{A57BBC2C-B2F4-4C15-8D11-41E2E9BB96C9}.Debug|Any CPU.Build.0 = Debug|Any CPU
		{A57BBC2C-B2F4-4C15-8D11-41E2E9BB96C9}.Release|Any CPU.ActiveCfg = Release|Any CPU
		{A57BBC2C-B2F4-4C15-8D11-41E2E9BB96C9}.Release|Any CPU.Build.0 = Release|Any CPU
		{9649AA0A-E8A0-4B9B-9980-E8F961CB7199}.Debug|Any CPU.ActiveCfg = Debug|Any CPU
		{9649AA0A-E8A0-4B9B-9980-E8F961CB7199}.Debug|Any CPU.Build.0 = Debug|Any CPU
		{9649AA0A-E8A0-4B9B-9980-E8F961CB7199}.Release|Any CPU.ActiveCfg = Release|Any CPU
		{9649AA0A-E8A0-4B9B-9980-E8F961CB7199}.Release|Any CPU.Build.0 = Release|Any CPU
		{FDC3C39A-271D-4DE0-B400-9EFD94B1B644}.Debug|Any CPU.ActiveCfg = Debug|Any CPU
		{FDC3C39A-271D-4DE0-B400-9EFD94B1B644}.Debug|Any CPU.Build.0 = Debug|Any CPU
		{FDC3C39A-271D-4DE0-B400-9EFD94B1B644}.Release|Any CPU.ActiveCfg = Release|Any CPU
		{FDC3C39A-271D-4DE0-B400-9EFD94B1B644}.Release|Any CPU.Build.0 = Release|Any CPU
		{C55D3786-B34E-4425-A456-AA1B77C123F9}.Debug|Any CPU.ActiveCfg = Debug|Any CPU
		{C55D3786-B34E-4425-A456-AA1B77C123F9}.Debug|Any CPU.Build.0 = Debug|Any CPU
		{C55D3786-B34E-4425-A456-AA1B77C123F9}.Release|Any CPU.ActiveCfg = Release|Any CPU
		{C55D3786-B34E-4425-A456-AA1B77C123F9}.Release|Any CPU.Build.0 = Release|Any CPU
		{B242F5A0-B93A-42FC-B26D-0D7FACBCF3B1}.Debug|Any CPU.ActiveCfg = Debug|Any CPU
		{B242F5A0-B93A-42FC-B26D-0D7FACBCF3B1}.Debug|Any CPU.Build.0 = Debug|Any CPU
		{B242F5A0-B93A-42FC-B26D-0D7FACBCF3B1}.Release|Any CPU.ActiveCfg = Release|Any CPU
		{B242F5A0-B93A-42FC-B26D-0D7FACBCF3B1}.Release|Any CPU.Build.0 = Release|Any CPU
		{56BE7BB1-C412-4320-B703-8FAFF9A2CB5E}.Debug|Any CPU.ActiveCfg = Debug|Any CPU
		{56BE7BB1-C412-4320-B703-8FAFF9A2CB5E}.Debug|Any CPU.Build.0 = Debug|Any CPU
		{56BE7BB1-C412-4320-B703-8FAFF9A2CB5E}.Release|Any CPU.ActiveCfg = Release|Any CPU
		{56BE7BB1-C412-4320-B703-8FAFF9A2CB5E}.Release|Any CPU.Build.0 = Release|Any CPU
		{A8639B47-2926-4078-A305-482D04DBBCB4}.Debug|Any CPU.ActiveCfg = Debug|Any CPU
		{A8639B47-2926-4078-A305-482D04DBBCB4}.Debug|Any CPU.Build.0 = Debug|Any CPU
		{A8639B47-2926-4078-A305-482D04DBBCB4}.Release|Any CPU.ActiveCfg = Release|Any CPU
		{A8639B47-2926-4078-A305-482D04DBBCB4}.Release|Any CPU.Build.0 = Release|Any CPU
		{DA73ED25-3F68-4868-A55B-8401C9F9C001}.Debug|Any CPU.ActiveCfg = Debug|Any CPU
		{DA73ED25-3F68-4868-A55B-8401C9F9C001}.Debug|Any CPU.Build.0 = Debug|Any CPU
		{DA73ED25-3F68-4868-A55B-8401C9F9C001}.Release|Any CPU.ActiveCfg = Release|Any CPU
		{DA73ED25-3F68-4868-A55B-8401C9F9C001}.Release|Any CPU.Build.0 = Release|Any CPU
	EndGlobalSection
	GlobalSection(SolutionProperties) = preSolution
		HideSolutionNode = FALSE
	EndGlobalSection
	GlobalSection(NestedProjects) = preSolution
		{04892F1B-8288-4AC0-81B4-EC27EBDEB9BF} = {7DB532D7-724F-45F5-82B0-2CB5293425E0}
		{A57BBC2C-B2F4-4C15-8D11-41E2E9BB96C9} = {66E4A4C2-734F-4E1E-AEAF-1271278A291F}
		{9649AA0A-E8A0-4B9B-9980-E8F961CB7199} = {66E4A4C2-734F-4E1E-AEAF-1271278A291F}
		{FDC3C39A-271D-4DE0-B400-9EFD94B1B644} = {66E4A4C2-734F-4E1E-AEAF-1271278A291F}
		{C55D3786-B34E-4425-A456-AA1B77C123F9} = {3B824665-08D1-42AB-992D-9A09B7CFC9BA}
		{B242F5A0-B93A-42FC-B26D-0D7FACBCF3B1} = {5EC94466-0E75-4A5B-A178-6712F8303217}
		{56BE7BB1-C412-4320-B703-8FAFF9A2CB5E} = {66E4A4C2-734F-4E1E-AEAF-1271278A291F}
		{A8639B47-2926-4078-A305-482D04DBBCB4} = {5EC94466-0E75-4A5B-A178-6712F8303217}
		{DA73ED25-3F68-4868-A55B-8401C9F9C001} = {FD10B9F6-B308-4EE7-BB07-6352B12062EC}
	EndGlobalSection
	GlobalSection(ExtensibilityGlobals) = postSolution
		SolutionGuid = {04344D32-42DB-4342-9E64-0B3493E214F1}
	EndGlobalSection
EndGlobal
