
Microsoft Visual Studio Solution File, Format Version 12.00
# Visual Studio Version 16
VisualStudioVersion = 16.0.28922.388
MinimumVisualStudioVersion = 10.0.40219.1
Project("{00D1A9C2-B5F0-4AF3-8072-F6C62B433612}") = "R8It", "R8It\R8It.sqlproj", "{04892F1B-8288-4AC0-81B4-EC27EBDEB9BF}"
EndProject
Global
	GlobalSection(SolutionConfigurationPlatforms) = preSolution
		Debug|Any CPU = Debug|Any CPU
		Release|Any CPU = Release|Any CPU
	EndGlobalSection
	GlobalSection(ProjectConfigurationPlatforms) = postSolution
		{04892F1B-8288-4AC0-81B4-EC27EBDEB9BF}.Debug|Any CPU.ActiveCfg = Debug|Any CPU
		{04892F1B-8288-4AC0-81B4-EC27EBDEB9BF}.Debug|Any CPU.Build.0 = Debug|Any CPU
		{04892F1B-8288-4AC0-81B4-EC27EBDEB9BF}.Debug|Any CPU.Deploy.0 = Debug|Any CPU
		{04892F1B-8288-4AC0-81B4-EC27EBDEB9BF}.Release|Any CPU.ActiveCfg = Release|Any CPU
		{04892F1B-8288-4AC0-81B4-EC27EBDEB9BF}.Release|Any CPU.Build.0 = Release|Any CPU
		{04892F1B-8288-4AC0-81B4-EC27EBDEB9BF}.Release|Any CPU.Deploy.0 = Release|Any CPU
	EndGlobalSection
	GlobalSection(SolutionProperties) = preSolution
		HideSolutionNode = FALSE
	EndGlobalSection
	GlobalSection(ExtensibilityGlobals) = postSolution
		SolutionGuid = {04344D32-42DB-4342-9E64-0B3493E214F1}
	EndGlobalSection
EndGlobal
